
Microsoft Visual Studio Solution File, Format Version 12.00
# Visual Studio Version 17
VisualStudioVersion = 17.14.36301.6 d17.14
MinimumVisualStudioVersion = 10.0.40219.1
Project("{FAE04EC0-301F-11D3-BF4B-00C04F79EFBC}") = "WFP_WPF_UI_Base", "WFP_WPF_UI_Base\WFP_WPF_UI_Base.csproj", "{19187B36-3EA7-4D74-9254-6A51626A0738}"
EndProject
Global
	GlobalSection(SolutionConfigurationPlatforms) = preSolution
		Debug|Any CPU = Debug|Any CPU
		Release|Any CPU = Release|Any CPU
	EndGlobalSection
	GlobalSection(ProjectConfigurationPlatforms) = postSolution
		{19187B36-3EA7-4D74-9254-6A51626A0738}.Debug|Any CPU.ActiveCfg = Debug|Any CPU
		{19187B36-3EA7-4D74-9254-6A51626A0738}.Debug|Any CPU.Build.0 = Debug|Any CPU
		{19187B36-3EA7-4D74-9254-6A51626A0738}.Release|Any CPU.ActiveCfg = Release|Any CPU
		{19187B36-3EA7-4D74-9254-6A51626A0738}.Release|Any CPU.Build.0 = Release|Any CPU
	EndGlobalSection
	GlobalSection(SolutionProperties) = preSolution
		HideSolutionNode = FALSE
	EndGlobalSection
	GlobalSection(ExtensibilityGlobals) = postSolution
		SolutionGuid = {ECA90D62-6876-443B-8A01-3B31BC438CFF}
	EndGlobalSection
EndGlobal
